# THIS IS AN AUTOGENERATED FILE. DO NOT EDIT THIS FILE DIRECTLY.
# yarn lockfile v1


"@ampproject/remapping@^2.1.0":
  version "2.1.2"
  resolved "https://registry.yarnpkg.com/@ampproject/remapping/-/remapping-2.1.2.tgz#4edca94973ded9630d20101cd8559cedb8d8bd34"
  integrity sha512-hoyByceqwKirw7w3Z7gnIIZC3Wx3J484Y3L/cMpXFbr7d9ZQj2mODrirNzcJa+SM3UlpWXYvKV4RlRpFXlWgXg==
  dependencies:
    "@jridgewell/trace-mapping" "^0.3.0"

"@babel/code-frame@^7.0.0", "@babel/code-frame@^7.16.7":
  version "7.16.7"
  resolved "https://registry.yarnpkg.com/@babel/code-frame/-/code-frame-7.16.7.tgz#44416b6bd7624b998f5b1af5d470856c40138789"
  integrity sha512-iAXqUn8IIeBTNd72xsFlgaXHkMBMt6y4HJp1tIaK465CWLT/fG1aqB7ykr95gHHmlBdGbFeWWfyB4NJJ0nmeIg==
  dependencies:
    "@babel/highlight" "^7.16.7"

"@babel/compat-data@^7.17.7":
  version "7.17.7"
  resolved "https://registry.yarnpkg.com/@babel/compat-data/-/compat-data-7.17.7.tgz#078d8b833fbbcc95286613be8c716cef2b519fa2"
  integrity sha512-p8pdE6j0a29TNGebNm7NzYZWB3xVZJBZ7XGs42uAKzQo8VQ3F0By/cQCtUEABwIqw5zo6WA4NbmxsfzADzMKnQ==

"@babel/core@^7.1.0":
  version "7.17.9"
  resolved "https://registry.yarnpkg.com/@babel/core/-/core-7.17.9.tgz#6bae81a06d95f4d0dec5bb9d74bbc1f58babdcfe"
  integrity sha512-5ug+SfZCpDAkVp9SFIZAzlW18rlzsOcJGaetCjkySnrXXDUw9AR8cDUm1iByTmdWM6yxX6/zycaV76w3YTF2gw==
  dependencies:
    "@ampproject/remapping" "^2.1.0"
    "@babel/code-frame" "^7.16.7"
    "@babel/generator" "^7.17.9"
    "@babel/helper-compilation-targets" "^7.17.7"
    "@babel/helper-module-transforms" "^7.17.7"
    "@babel/helpers" "^7.17.9"
    "@babel/parser" "^7.17.9"
    "@babel/template" "^7.16.7"
    "@babel/traverse" "^7.17.9"
    "@babel/types" "^7.17.0"
    convert-source-map "^1.7.0"
    debug "^4.1.0"
    gensync "^1.0.0-beta.2"
    json5 "^2.2.1"
    semver "^6.3.0"

"@babel/generator@^7.17.9", "@babel/generator@^7.4.0":
  version "7.17.9"
  resolved "https://registry.yarnpkg.com/@babel/generator/-/generator-7.17.9.tgz#f4af9fd38fa8de143c29fce3f71852406fc1e2fc"
  integrity sha512-rAdDousTwxbIxbz5I7GEQ3lUip+xVCXooZNbsydCWs3xA7ZsYOv+CFRdzGxRX78BmQHu9B1Eso59AOZQOJDEdQ==
  dependencies:
    "@babel/types" "^7.17.0"
    jsesc "^2.5.1"
    source-map "^0.5.0"

"@babel/helper-annotate-as-pure@^7.16.7":
  version "7.16.7"
  resolved "https://registry.yarnpkg.com/@babel/helper-annotate-as-pure/-/helper-annotate-as-pure-7.16.7.tgz#bb2339a7534a9c128e3102024c60760a3a7f3862"
  integrity sha512-s6t2w/IPQVTAET1HitoowRGXooX8mCgtuP5195wD/QJPV6wYjpujCGF7JuMODVX2ZAJOf1GT6DT9MHEZvLOFSw==
  dependencies:
    "@babel/types" "^7.16.7"

"@babel/helper-compilation-targets@^7.17.7":
  version "7.17.7"
  resolved "https://registry.yarnpkg.com/@babel/helper-compilation-targets/-/helper-compilation-targets-7.17.7.tgz#a3c2924f5e5f0379b356d4cfb313d1414dc30e46"
  integrity sha512-UFzlz2jjd8kroj0hmCFV5zr+tQPi1dpC2cRsDV/3IEW8bJfCPrPpmcSN6ZS8RqIq4LXcmpipCQFPddyFA5Yc7w==
  dependencies:
    "@babel/compat-data" "^7.17.7"
    "@babel/helper-validator-option" "^7.16.7"
    browserslist "^4.17.5"
